{
  "version": 4,
  "terraform_version": "0.15.0",
  "serial": 221,
  "lineage": "9e476976-b1b5-29f5-960d-17d23c8f1d03",
  "outputs": {
    "elasticsearch_ip_addr": {
      "value": "18.214.40.16:9200",
      "type": "string"
    },
    "kibana_ip_addr": {
      "value": "3.239.193.132:5601",
      "type": "string"
    }
  },
  "resources": [
    {
      "mode": "data",
      "type": "template_file",
      "name": "init_elasticsearch",
      "provider": "provider[\"registry.terraform.io/hashicorp/template\"]",
      "instances": [
        {
          "index_key": 0,
          "schema_version": 0,
          "attributes": {
            "filename": null,
            "id": "8bafd4c10ee32ec511a1a94ca68608ac37b63bdb958f6565a11347696456e4ef",
            "rendered": "# ======================== Elasticsearch Configuration =========================\n#\n# NOTE: Elasticsearch comes with reasonable defaults for most settings.\n#       Before you set out to tweak and tune the configuration, make sure you\n#       understand what are you trying to accomplish and the consequences.\n#\n# The primary way of configuring a node is via this file. This template lists\n# the most important settings you may want to configure for a production cluster.\n#\n# Please consult the documentation for further information on configuration options:\n# https://www.elastic.co/guide/en/elasticsearch/reference/index.html\n#\n# ---------------------------------- Cluster -----------------------------------\n#\n# Use a descriptive name for your cluster:\n#\ncluster.name: cluster1\n#\n# ------------------------------------ Node ------------------------------------\n#\n# Use a descriptive name for the node:\n#\nnode.name: node_0\n#\n# Add custom attributes to the node:\n#\n#node.attr.rack: r1\n#\n# ----------------------------------- Paths ------------------------------------\n#\n# Path to directory where to store the data (separate multiple locations by comma):\n#\npath.data: /var/lib/elasticsearch\n#\n# Path to log files:\n#\npath.logs: /var/log/elasticsearch\n#\n# ----------------------------------- Memory -----------------------------------\n#\n# Lock the memory on startup:\n#\n#bootstrap.memory_lock: true\n#\n# Make sure that the heap size is set to about half the memory available\n# on the system and that the owner of the process is allowed to use this\n# limit.\n#\n# Elasticsearch performs poorly when the system is swapping the memory.\n#\n# ---------------------------------- Network -----------------------------------\n#\n# Set the bind address to a specific IP (IPv4 or IPv6):\n#\nnetwork.host: 172.20.10.128\n#\n# Set a custom port for HTTP:\n#\n#http.port: 9200\n#\n# For more information, consult the network module documentation.\n#\n# --------------------------------- Discovery ----------------------------------\n#\n# Pass an initial list of hosts to perform discovery when this node is started:\n# The default list of hosts is [\"127.0.0.1\", \"[::1]\"]\n#\ndiscovery.seed_hosts: [\"172.20.10.128\", \"172.20.20.104\",\"172.20.30.101\"]\n#\n# Bootstrap the cluster using an initial set of master-eligible nodes:\n#\ncluster.initial_master_nodes: [\"172.20.10.128\", \"172.20.20.104\",\"172.20.30.101\"]\n#\n# For more information, consult the discovery and cluster formation module documentation.\n#\n# ---------------------------------- Gateway -----------------------------------\n#\n# Block initial recovery after a full cluster restart until N nodes are started:\n#\n#gateway.recover_after_nodes: 3\n#\n# For more information, consult the gateway module documentation.\n#\n# ---------------------------------- Various -----------------------------------\n#\n# Require explicit names when deleting indices:\n#\n#action.destructive_requires_name: true",
            "template": "# ======================== Elasticsearch Configuration =========================\n#\n# NOTE: Elasticsearch comes with reasonable defaults for most settings.\n#       Before you set out to tweak and tune the configuration, make sure you\n#       understand what are you trying to accomplish and the consequences.\n#\n# The primary way of configuring a node is via this file. This template lists\n# the most important settings you may want to configure for a production cluster.\n#\n# Please consult the documentation for further information on configuration options:\n# https://www.elastic.co/guide/en/elasticsearch/reference/index.html\n#\n# ---------------------------------- Cluster -----------------------------------\n#\n# Use a descriptive name for your cluster:\n#\ncluster.name: ${cluster_name}\n#\n# ------------------------------------ Node ------------------------------------\n#\n# Use a descriptive name for the node:\n#\nnode.name: ${node_name}\n#\n# Add custom attributes to the node:\n#\n#node.attr.rack: r1\n#\n# ----------------------------------- Paths ------------------------------------\n#\n# Path to directory where to store the data (separate multiple locations by comma):\n#\npath.data: /var/lib/elasticsearch\n#\n# Path to log files:\n#\npath.logs: /var/log/elasticsearch\n#\n# ----------------------------------- Memory -----------------------------------\n#\n# Lock the memory on startup:\n#\n#bootstrap.memory_lock: true\n#\n# Make sure that the heap size is set to about half the memory available\n# on the system and that the owner of the process is allowed to use this\n# limit.\n#\n# Elasticsearch performs poorly when the system is swapping the memory.\n#\n# ---------------------------------- Network -----------------------------------\n#\n# Set the bind address to a specific IP (IPv4 or IPv6):\n#\nnetwork.host: ${node}\n#\n# Set a custom port for HTTP:\n#\n#http.port: 9200\n#\n# For more information, consult the network module documentation.\n#\n# --------------------------------- Discovery ----------------------------------\n#\n# Pass an initial list of hosts to perform discovery when this node is started:\n# The default list of hosts is [\"127.0.0.1\", \"[::1]\"]\n#\ndiscovery.seed_hosts: [\"${node1}\", \"${node2}\",\"${node3}\"]\n#\n# Bootstrap the cluster using an initial set of master-eligible nodes:\n#\ncluster.initial_master_nodes: [\"${node1}\", \"${node2}\",\"${node3}\"]\n#\n# For more information, consult the discovery and cluster formation module documentation.\n#\n# ---------------------------------- Gateway -----------------------------------\n#\n# Block initial recovery after a full cluster restart until N nodes are started:\n#\n#gateway.recover_after_nodes: 3\n#\n# For more information, consult the gateway module documentation.\n#\n# ---------------------------------- Various -----------------------------------\n#\n# Require explicit names when deleting indices:\n#\n#action.destructive_requires_name: true",
            "vars": {
              "cluster_name": "cluster1",
              "node": "172.20.10.128",
              "node1": "172.20.10.128",
              "node2": "172.20.20.104",
              "node3": "172.20.30.101",
              "node_name": "node_0"
            }
          },
          "sensitive_attributes": []
        },
        {
          "index_key": 1,
          "schema_version": 0,
          "attributes": {
            "filename": null,
            "id": "efb9bf5918641345e06b0b223470016fb32b6917b5815a6d45f6e3ac25d886ea",
            "rendered": "# ======================== Elasticsearch Configuration =========================\n#\n# NOTE: Elasticsearch comes with reasonable defaults for most settings.\n#       Before you set out to tweak and tune the configuration, make sure you\n#       understand what are you trying to accomplish and the consequences.\n#\n# The primary way of configuring a node is via this file. This template lists\n# the most important settings you may want to configure for a production cluster.\n#\n# Please consult the documentation for further information on configuration options:\n# https://www.elastic.co/guide/en/elasticsearch/reference/index.html\n#\n# ---------------------------------- Cluster -----------------------------------\n#\n# Use a descriptive name for your cluster:\n#\ncluster.name: cluster1\n#\n# ------------------------------------ Node ------------------------------------\n#\n# Use a descriptive name for the node:\n#\nnode.name: node_1\n#\n# Add custom attributes to the node:\n#\n#node.attr.rack: r1\n#\n# ----------------------------------- Paths ------------------------------------\n#\n# Path to directory where to store the data (separate multiple locations by comma):\n#\npath.data: /var/lib/elasticsearch\n#\n# Path to log files:\n#\npath.logs: /var/log/elasticsearch\n#\n# ----------------------------------- Memory -----------------------------------\n#\n# Lock the memory on startup:\n#\n#bootstrap.memory_lock: true\n#\n# Make sure that the heap size is set to about half the memory available\n# on the system and that the owner of the process is allowed to use this\n# limit.\n#\n# Elasticsearch performs poorly when the system is swapping the memory.\n#\n# ---------------------------------- Network -----------------------------------\n#\n# Set the bind address to a specific IP (IPv4 or IPv6):\n#\nnetwork.host: 172.20.20.104\n#\n# Set a custom port for HTTP:\n#\n#http.port: 9200\n#\n# For more information, consult the network module documentation.\n#\n# --------------------------------- Discovery ----------------------------------\n#\n# Pass an initial list of hosts to perform discovery when this node is started:\n# The default list of hosts is [\"127.0.0.1\", \"[::1]\"]\n#\ndiscovery.seed_hosts: [\"172.20.10.128\", \"172.20.20.104\",\"172.20.30.101\"]\n#\n# Bootstrap the cluster using an initial set of master-eligible nodes:\n#\ncluster.initial_master_nodes: [\"172.20.10.128\", \"172.20.20.104\",\"172.20.30.101\"]\n#\n# For more information, consult the discovery and cluster formation module documentation.\n#\n# ---------------------------------- Gateway -----------------------------------\n#\n# Block initial recovery after a full cluster restart until N nodes are started:\n#\n#gateway.recover_after_nodes: 3\n#\n# For more information, consult the gateway module documentation.\n#\n# ---------------------------------- Various -----------------------------------\n#\n# Require explicit names when deleting indices:\n#\n#action.destructive_requires_name: true",
            "template": "# ======================== Elasticsearch Configuration =========================\n#\n# NOTE: Elasticsearch comes with reasonable defaults for most settings.\n#       Before you set out to tweak and tune the configuration, make sure you\n#       understand what are you trying to accomplish and the consequences.\n#\n# The primary way of configuring a node is via this file. This template lists\n# the most important settings you may want to configure for a production cluster.\n#\n# Please consult the documentation for further information on configuration options:\n# https://www.elastic.co/guide/en/elasticsearch/reference/index.html\n#\n# ---------------------------------- Cluster -----------------------------------\n#\n# Use a descriptive name for your cluster:\n#\ncluster.name: ${cluster_name}\n#\n# ------------------------------------ Node ------------------------------------\n#\n# Use a descriptive name for the node:\n#\nnode.name: ${node_name}\n#\n# Add custom attributes to the node:\n#\n#node.attr.rack: r1\n#\n# ----------------------------------- Paths ------------------------------------\n#\n# Path to directory where to store the data (separate multiple locations by comma):\n#\npath.data: /var/lib/elasticsearch\n#\n# Path to log files:\n#\npath.logs: /var/log/elasticsearch\n#\n# ----------------------------------- Memory -----------------------------------\n#\n# Lock the memory on startup:\n#\n#bootstrap.memory_lock: true\n#\n# Make sure that the heap size is set to about half the memory available\n# on the system and that the owner of the process is allowed to use this\n# limit.\n#\n# Elasticsearch performs poorly when the system is swapping the memory.\n#\n# ---------------------------------- Network -----------------------------------\n#\n# Set the bind address to a specific IP (IPv4 or IPv6):\n#\nnetwork.host: ${node}\n#\n# Set a custom port for HTTP:\n#\n#http.port: 9200\n#\n# For more information, consult the network module documentation.\n#\n# --------------------------------- Discovery ----------------------------------\n#\n# Pass an initial list of hosts to perform discovery when this node is started:\n# The default list of hosts is [\"127.0.0.1\", \"[::1]\"]\n#\ndiscovery.seed_hosts: [\"${node1}\", \"${node2}\",\"${node3}\"]\n#\n# Bootstrap the cluster using an initial set of master-eligible nodes:\n#\ncluster.initial_master_nodes: [\"${node1}\", \"${node2}\",\"${node3}\"]\n#\n# For more information, consult the discovery and cluster formation module documentation.\n#\n# ---------------------------------- Gateway -----------------------------------\n#\n# Block initial recovery after a full cluster restart until N nodes are started:\n#\n#gateway.recover_after_nodes: 3\n#\n# For more information, consult the gateway module documentation.\n#\n# ---------------------------------- Various -----------------------------------\n#\n# Require explicit names when deleting indices:\n#\n#action.destructive_requires_name: true",
            "vars": {
              "cluster_name": "cluster1",
              "node": "172.20.20.104",
              "node1": "172.20.10.128",
              "node2": "172.20.20.104",
              "node3": "172.20.30.101",
              "node_name": "node_1"
            }
          },
          "sensitive_attributes": []
        },
        {
          "index_key": 2,
          "schema_version": 0,
          "attributes": {
            "filename": null,
            "id": "4e4a5eb2be40bdffbc2810a09037a4f78993a2f06a3fcbd670bfb10fc75251cc",
            "rendered": "# ======================== Elasticsearch Configuration =========================\n#\n# NOTE: Elasticsearch comes with reasonable defaults for most settings.\n#       Before you set out to tweak and tune the configuration, make sure you\n#       understand what are you trying to accomplish and the consequences.\n#\n# The primary way of configuring a node is via this file. This template lists\n# the most important settings you may want to configure for a production cluster.\n#\n# Please consult the documentation for further information on configuration options:\n# https://www.elastic.co/guide/en/elasticsearch/reference/index.html\n#\n# ---------------------------------- Cluster -----------------------------------\n#\n# Use a descriptive name for your cluster:\n#\ncluster.name: cluster1\n#\n# ------------------------------------ Node ------------------------------------\n#\n# Use a descriptive name for the node:\n#\nnode.name: node_2\n#\n# Add custom attributes to the node:\n#\n#node.attr.rack: r1\n#\n# ----------------------------------- Paths ------------------------------------\n#\n# Path to directory where to store the data (separate multiple locations by comma):\n#\npath.data: /var/lib/elasticsearch\n#\n# Path to log files:\n#\npath.logs: /var/log/elasticsearch\n#\n# ----------------------------------- Memory -----------------------------------\n#\n# Lock the memory on startup:\n#\n#bootstrap.memory_lock: true\n#\n# Make sure that the heap size is set to about half the memory available\n# on the system and that the owner of the process is allowed to use this\n# limit.\n#\n# Elasticsearch performs poorly when the system is swapping the memory.\n#\n# ---------------------------------- Network -----------------------------------\n#\n# Set the bind address to a specific IP (IPv4 or IPv6):\n#\nnetwork.host: 172.20.30.101\n#\n# Set a custom port for HTTP:\n#\n#http.port: 9200\n#\n# For more information, consult the network module documentation.\n#\n# --------------------------------- Discovery ----------------------------------\n#\n# Pass an initial list of hosts to perform discovery when this node is started:\n# The default list of hosts is [\"127.0.0.1\", \"[::1]\"]\n#\ndiscovery.seed_hosts: [\"172.20.10.128\", \"172.20.20.104\",\"172.20.30.101\"]\n#\n# Bootstrap the cluster using an initial set of master-eligible nodes:\n#\ncluster.initial_master_nodes: [\"172.20.10.128\", \"172.20.20.104\",\"172.20.30.101\"]\n#\n# For more information, consult the discovery and cluster formation module documentation.\n#\n# ---------------------------------- Gateway -----------------------------------\n#\n# Block initial recovery after a full cluster restart until N nodes are started:\n#\n#gateway.recover_after_nodes: 3\n#\n# For more information, consult the gateway module documentation.\n#\n# ---------------------------------- Various -----------------------------------\n#\n# Require explicit names when deleting indices:\n#\n#action.destructive_requires_name: true",
            "template": "# ======================== Elasticsearch Configuration =========================\n#\n# NOTE: Elasticsearch comes with reasonable defaults for most settings.\n#       Before you set out to tweak and tune the configuration, make sure you\n#       understand what are you trying to accomplish and the consequences.\n#\n# The primary way of configuring a node is via this file. This template lists\n# the most important settings you may want to configure for a production cluster.\n#\n# Please consult the documentation for further information on configuration options:\n# https://www.elastic.co/guide/en/elasticsearch/reference/index.html\n#\n# ---------------------------------- Cluster -----------------------------------\n#\n# Use a descriptive name for your cluster:\n#\ncluster.name: ${cluster_name}\n#\n# ------------------------------------ Node ------------------------------------\n#\n# Use a descriptive name for the node:\n#\nnode.name: ${node_name}\n#\n# Add custom attributes to the node:\n#\n#node.attr.rack: r1\n#\n# ----------------------------------- Paths ------------------------------------\n#\n# Path to directory where to store the data (separate multiple locations by comma):\n#\npath.data: /var/lib/elasticsearch\n#\n# Path to log files:\n#\npath.logs: /var/log/elasticsearch\n#\n# ----------------------------------- Memory -----------------------------------\n#\n# Lock the memory on startup:\n#\n#bootstrap.memory_lock: true\n#\n# Make sure that the heap size is set to about half the memory available\n# on the system and that the owner of the process is allowed to use this\n# limit.\n#\n# Elasticsearch performs poorly when the system is swapping the memory.\n#\n# ---------------------------------- Network -----------------------------------\n#\n# Set the bind address to a specific IP (IPv4 or IPv6):\n#\nnetwork.host: ${node}\n#\n# Set a custom port for HTTP:\n#\n#http.port: 9200\n#\n# For more information, consult the network module documentation.\n#\n# --------------------------------- Discovery ----------------------------------\n#\n# Pass an initial list of hosts to perform discovery when this node is started:\n# The default list of hosts is [\"127.0.0.1\", \"[::1]\"]\n#\ndiscovery.seed_hosts: [\"${node1}\", \"${node2}\",\"${node3}\"]\n#\n# Bootstrap the cluster using an initial set of master-eligible nodes:\n#\ncluster.initial_master_nodes: [\"${node1}\", \"${node2}\",\"${node3}\"]\n#\n# For more information, consult the discovery and cluster formation module documentation.\n#\n# ---------------------------------- Gateway -----------------------------------\n#\n# Block initial recovery after a full cluster restart until N nodes are started:\n#\n#gateway.recover_after_nodes: 3\n#\n# For more information, consult the gateway module documentation.\n#\n# ---------------------------------- Various -----------------------------------\n#\n# Require explicit names when deleting indices:\n#\n#action.destructive_requires_name: true",
            "vars": {
              "cluster_name": "cluster1",
              "node": "172.20.30.101",
              "node1": "172.20.10.128",
              "node2": "172.20.20.104",
              "node3": "172.20.30.101",
              "node_name": "node_2"
            }
          },
          "sensitive_attributes": []
        }
      ]
    },
    {
      "mode": "data",
      "type": "template_file",
      "name": "init_kibana",
      "provider": "provider[\"registry.terraform.io/hashicorp/template\"]",
      "instances": [
        {
          "schema_version": 0,
          "attributes": {
            "filename": null,
            "id": "56052541a8e08d978f38b523bae7be32f340b88ba32f0751a94a00a7c22ec53d",
            "rendered": "# Kibana is served by a back end server. This setting specifies the port to use.\n#server.port: 5601\n\n# Specifies the address to which the Kibana server will bind. IP addresses and host names are both valid values.\n# The default is 'localhost', which usually means remote machines will not be able to connect.\n# To allow connections from remote users, set this parameter to a non-loopback address.\nserver.host: \"0.0.0.0\"\n\n# Enables you to specify a path to mount Kibana at if you are running behind a proxy.\n# Use the `server.rewriteBasePath` setting to tell Kibana if it should remove the basePath\n# from requests it receives, and to prevent a deprecation warning at startup.\n# This setting cannot end in a slash.\n#server.basePath: \"\"\n\n# Specifies whether Kibana should rewrite requests that are prefixed with\n# `server.basePath` or require that they are rewritten by your reverse proxy.\n# This setting was effectively always `false` before Kibana 6.3 and will\n# default to `true` starting in Kibana 7.0.\n#server.rewriteBasePath: false\n\n# The maximum payload size in bytes for incoming server requests.\n#server.maxPayloadBytes: 1048576\n\n# The Kibana server's name.  This is used for display purposes.\nserver.name: \"kibana\"\n\n# The URLs of the Elasticsearch instances to use for all your queries.\nelasticsearch.hosts: [\"http://18.214.40.16:9200\"]\n\n# When this setting's value is true Kibana uses the hostname specified in the server.host\n# setting. When the value of this setting is false, Kibana uses the hostname of the host\n# that connects to this Kibana instance.\n#elasticsearch.preserveHost: true\n\n# Kibana uses an index in Elasticsearch to store saved searches, visualizations and\n# dashboards. Kibana creates a new index if the index doesn't already exist.\n#kibana.index: \".kibana\"\n\n# The default application to load.\n#kibana.defaultAppId: \"home\"\n\n# If your Elasticsearch is protected with basic authentication, these settings provide\n# the username and password that the Kibana server uses to perform maintenance on the Kibana\n# index at startup. Your Kibana users still need to authenticate with Elasticsearch, which\n# is proxied through the Kibana server.\n#elasticsearch.username: \"kibana\"\n#elasticsearch.password: \"pass\"\n\n# Enables SSL and paths to the PEM-format SSL certificate and SSL key files, respectively.\n# These settings enable SSL for outgoing requests from the Kibana server to the browser.\n#server.ssl.enabled: false\n#server.ssl.certificate: /path/to/your/server.crt\n#server.ssl.key: /path/to/your/server.key\n\n# Optional settings that provide the paths to the PEM-format SSL certificate and key files.\n# These files validate that your Elasticsearch backend uses the same key files.\n#elasticsearch.ssl.certificate: /path/to/your/client.crt\n#elasticsearch.ssl.key: /path/to/your/client.key\n\n# Optional setting that enables you to specify a path to the PEM file for the certificate\n# authority for your Elasticsearch instance.\n#elasticsearch.ssl.certificateAuthorities: [ \"/path/to/your/CA.pem\" ]\n\n# To disregard the validity of SSL certificates, change this setting's value to 'none'.\n#elasticsearch.ssl.verificationMode: full\n\n# Time in milliseconds to wait for Elasticsearch to respond to pings. Defaults to the value of\n# the elasticsearch.requestTimeout setting.\n#elasticsearch.pingTimeout: 1500\n\n# Time in milliseconds to wait for responses from the back end or Elasticsearch. This value\n# must be a positive integer.\n#elasticsearch.requestTimeout: 30000\n\n# List of Kibana client-side headers to send to Elasticsearch. To send *no* client-side\n# headers, set this value to [] (an empty list).\n#elasticsearch.requestHeadersWhitelist: [ authorization ]\n\n# Header names and values that are sent to Elasticsearch. Any custom headers cannot be overwritten\n# by client-side headers, regardless of the elasticsearch.requestHeadersWhitelist configuration.\n#elasticsearch.customHeaders: {}\n\n# Time in milliseconds for Elasticsearch to wait for responses from shards. Set to 0 to disable.\n#elasticsearch.shardTimeout: 30000\n\n# Time in milliseconds to wait for Elasticsearch at Kibana startup before retrying.\n#elasticsearch.startupTimeout: 5000\n\n# Logs queries sent to Elasticsearch. Requires logging.verbose set to true.\n#elasticsearch.logQueries: false\n\n# Specifies the path where Kibana creates the process ID file.\n#pid.file: /var/run/kibana.pid\n\n# Enables you specify a file where Kibana stores log output.\n#logging.dest: stdout\n\n# Set the value of this setting to true to suppress all logging output.\n#logging.silent: false\n\n# Set the value of this setting to true to suppress all logging output other than error messages.\n#logging.quiet: false\n\n# Set the value of this setting to true to log all events, including system usage information\n# and all requests.\n#logging.verbose: false\n\n# Set the interval in milliseconds to sample system and process performance\n# metrics. Minimum is 100ms. Defaults to 5000.\n#ops.interval: 5000\n\n# Specifies locale to be used for all localizable strings, dates and number formats.\n# Supported languages are the following: English - en , by default , Chinese - zh-CN .\n#i18n.locale: \"en\"",
            "template": "# Kibana is served by a back end server. This setting specifies the port to use.\n#server.port: 5601\n\n# Specifies the address to which the Kibana server will bind. IP addresses and host names are both valid values.\n# The default is 'localhost', which usually means remote machines will not be able to connect.\n# To allow connections from remote users, set this parameter to a non-loopback address.\nserver.host: \"0.0.0.0\"\n\n# Enables you to specify a path to mount Kibana at if you are running behind a proxy.\n# Use the `server.rewriteBasePath` setting to tell Kibana if it should remove the basePath\n# from requests it receives, and to prevent a deprecation warning at startup.\n# This setting cannot end in a slash.\n#server.basePath: \"\"\n\n# Specifies whether Kibana should rewrite requests that are prefixed with\n# `server.basePath` or require that they are rewritten by your reverse proxy.\n# This setting was effectively always `false` before Kibana 6.3 and will\n# default to `true` starting in Kibana 7.0.\n#server.rewriteBasePath: false\n\n# The maximum payload size in bytes for incoming server requests.\n#server.maxPayloadBytes: 1048576\n\n# The Kibana server's name.  This is used for display purposes.\nserver.name: \"kibana\"\n\n# The URLs of the Elasticsearch instances to use for all your queries.\nelasticsearch.hosts: [\"http://${elasticsearch}:9200\"]\n\n# When this setting's value is true Kibana uses the hostname specified in the server.host\n# setting. When the value of this setting is false, Kibana uses the hostname of the host\n# that connects to this Kibana instance.\n#elasticsearch.preserveHost: true\n\n# Kibana uses an index in Elasticsearch to store saved searches, visualizations and\n# dashboards. Kibana creates a new index if the index doesn't already exist.\n#kibana.index: \".kibana\"\n\n# The default application to load.\n#kibana.defaultAppId: \"home\"\n\n# If your Elasticsearch is protected with basic authentication, these settings provide\n# the username and password that the Kibana server uses to perform maintenance on the Kibana\n# index at startup. Your Kibana users still need to authenticate with Elasticsearch, which\n# is proxied through the Kibana server.\n#elasticsearch.username: \"kibana\"\n#elasticsearch.password: \"pass\"\n\n# Enables SSL and paths to the PEM-format SSL certificate and SSL key files, respectively.\n# These settings enable SSL for outgoing requests from the Kibana server to the browser.\n#server.ssl.enabled: false\n#server.ssl.certificate: /path/to/your/server.crt\n#server.ssl.key: /path/to/your/server.key\n\n# Optional settings that provide the paths to the PEM-format SSL certificate and key files.\n# These files validate that your Elasticsearch backend uses the same key files.\n#elasticsearch.ssl.certificate: /path/to/your/client.crt\n#elasticsearch.ssl.key: /path/to/your/client.key\n\n# Optional setting that enables you to specify a path to the PEM file for the certificate\n# authority for your Elasticsearch instance.\n#elasticsearch.ssl.certificateAuthorities: [ \"/path/to/your/CA.pem\" ]\n\n# To disregard the validity of SSL certificates, change this setting's value to 'none'.\n#elasticsearch.ssl.verificationMode: full\n\n# Time in milliseconds to wait for Elasticsearch to respond to pings. Defaults to the value of\n# the elasticsearch.requestTimeout setting.\n#elasticsearch.pingTimeout: 1500\n\n# Time in milliseconds to wait for responses from the back end or Elasticsearch. This value\n# must be a positive integer.\n#elasticsearch.requestTimeout: 30000\n\n# List of Kibana client-side headers to send to Elasticsearch. To send *no* client-side\n# headers, set this value to [] (an empty list).\n#elasticsearch.requestHeadersWhitelist: [ authorization ]\n\n# Header names and values that are sent to Elasticsearch. Any custom headers cannot be overwritten\n# by client-side headers, regardless of the elasticsearch.requestHeadersWhitelist configuration.\n#elasticsearch.customHeaders: {}\n\n# Time in milliseconds for Elasticsearch to wait for responses from shards. Set to 0 to disable.\n#elasticsearch.shardTimeout: 30000\n\n# Time in milliseconds to wait for Elasticsearch at Kibana startup before retrying.\n#elasticsearch.startupTimeout: 5000\n\n# Logs queries sent to Elasticsearch. Requires logging.verbose set to true.\n#elasticsearch.logQueries: false\n\n# Specifies the path where Kibana creates the process ID file.\n#pid.file: /var/run/kibana.pid\n\n# Enables you specify a file where Kibana stores log output.\n#logging.dest: stdout\n\n# Set the value of this setting to true to suppress all logging output.\n#logging.silent: false\n\n# Set the value of this setting to true to suppress all logging output other than error messages.\n#logging.quiet: false\n\n# Set the value of this setting to true to log all events, including system usage information\n# and all requests.\n#logging.verbose: false\n\n# Set the interval in milliseconds to sample system and process performance\n# metrics. Minimum is 100ms. Defaults to 5000.\n#ops.interval: 5000\n\n# Specifies locale to be used for all localizable strings, dates and number formats.\n# Supported languages are the following: English - en , by default , Chinese - zh-CN .\n#i18n.locale: \"en\"",
            "vars": {
              "elasticsearch": "18.214.40.16"
            }
          },
          "sensitive_attributes": []
        }
      ]
    },
    {
      "mode": "data",
      "type": "template_file",
      "name": "init_logstash",
      "provider": "provider[\"registry.terraform.io/hashicorp/template\"]",
      "instances": [
        {
          "schema_version": 0,
          "attributes": {
            "filename": null,
            "id": "18ee90c1a50ce27372216ac72d80105113a4134feae5d02797cea9c3dc9cc808",
            "rendered": "# Sample Logstash configuration for creating a simple\n# Beats -\u003e Logstash -\u003e Elasticsearch pipeline.\n\ninput {\n  beats {\n    port =\u003e 5044\n  }\n}\n\noutput {\n  elasticsearch {\n    hosts =\u003e [\"http://18.214.40.16:9200\"]\n    index =\u003e \"logstash\"\n  }\n}",
            "template": "# Sample Logstash configuration for creating a simple\n# Beats -\u003e Logstash -\u003e Elasticsearch pipeline.\n\ninput {\n  beats {\n    port =\u003e 5044\n  }\n}\n\noutput {\n  elasticsearch {\n    hosts =\u003e [\"http://${elasticsearch}:9200\"]\n    index =\u003e \"logstash\"\n  }\n}",
            "vars": {
              "elasticsearch": "18.214.40.16"
            }
          },
          "sensitive_attributes": []
        }
      ]
    },
    {
      "mode": "managed",
      "type": "aws_instance",
      "name": "elastic_nodes",
      "provider": "provider[\"registry.terraform.io/hashicorp/aws\"]",
      "instances": [
        {
          "index_key": 0,
          "schema_version": 1,
          "attributes": {
            "ami": "ami-04d29b6f966df1537",
            "arn": "arn:aws:ec2:us-east-1:613679500838:instance/i-0d9289beae141953b",
            "associate_public_ip_address": true,
            "availability_zone": "us-east-1a",
            "capacity_reservation_specification": [
              {
                "capacity_reservation_preference": "open",
                "capacity_reservation_target": []
              }
            ],
            "cpu_core_count": 2,
            "cpu_threads_per_core": 1,
            "credit_specification": [
              {
                "cpu_credits": "standard"
              }
            ],
            "disable_api_termination": false,
            "ebs_block_device": [],
            "ebs_optimized": false,
            "enclave_options": [
              {
                "enabled": false
              }
            ],
            "ephemeral_block_device": [],
            "get_password_data": false,
            "hibernation": false,
            "host_id": null,
            "iam_instance_profile": "",
            "id": "i-0d9289beae141953b",
            "instance_initiated_shutdown_behavior": "stop",
            "instance_state": "running",
            "instance_type": "t2.large",
            "ipv6_address_count": 0,
            "ipv6_addresses": [],
            "key_name": "rak-tp1",
            "launch_template": [],
            "metadata_options": [
              {
                "http_endpoint": "enabled",
                "http_put_response_hop_limit": 1,
                "http_tokens": "optional"
              }
            ],
            "monitoring": false,
            "network_interface": [],
            "outpost_arn": "",
            "password_data": "",
            "placement_group": "",
            "placement_partition_number": null,
            "primary_network_interface_id": "eni-05622a11dc05c2712",
            "private_dns": "ip-172-20-10-128.ec2.internal",
            "private_ip": "172.20.10.128",
            "public_dns": "",
            "public_ip": "18.214.40.16",
            "root_block_device": [
              {
                "delete_on_termination": true,
                "device_name": "/dev/xvda",
                "encrypted": false,
                "iops": 100,
                "kms_key_id": "",
                "tags": {},
                "throughput": 0,
                "volume_id": "vol-0c760ab673e8a5123",
                "volume_size": 8,
                "volume_type": "gp2"
              }
            ],
            "secondary_private_ips": [],
            "security_groups": [],
            "source_dest_check": true,
            "subnet_id": "subnet-0ab860cbebb5bbf95",
            "tags": {
              "Name": "elasticsearch_0"
            },
            "tags_all": {
              "Name": "elasticsearch_0"
            },
            "tenancy": "default",
            "timeouts": null,
            "user_data": null,
            "user_data_base64": null,
            "volume_tags": null,
            "vpc_security_group_ids": [
              "sg-03eeaaafa1278fd36"
            ]
          },
          "sensitive_attributes": [],
          "private": "eyJlMmJmYjczMC1lY2FhLTExZTYtOGY4OC0zNDM2M2JjN2M0YzAiOnsiY3JlYXRlIjo2MDAwMDAwMDAwMDAsImRlbGV0ZSI6MTIwMDAwMDAwMDAwMCwidXBkYXRlIjo2MDAwMDAwMDAwMDB9LCJzY2hlbWFfdmVyc2lvbiI6IjEifQ==",
          "dependencies": [
            "aws_security_group.elasticsearch_sg",
            "aws_subnet.elastic_subnet",
            "aws_vpc.elastic_vpc"
          ]
        },
        {
          "index_key": 1,
          "schema_version": 1,
          "attributes": {
            "ami": "ami-04d29b6f966df1537",
            "arn": "arn:aws:ec2:us-east-1:613679500838:instance/i-0172a0d8566196475",
            "associate_public_ip_address": true,
            "availability_zone": "us-east-1b",
            "capacity_reservation_specification": [
              {
                "capacity_reservation_preference": "open",
                "capacity_reservation_target": []
              }
            ],
            "cpu_core_count": 2,
            "cpu_threads_per_core": 1,
            "credit_specification": [
              {
                "cpu_credits": "standard"
              }
            ],
            "disable_api_termination": false,
            "ebs_block_device": [],
            "ebs_optimized": false,
            "enclave_options": [
              {
                "enabled": false
              }
            ],
            "ephemeral_block_device": [],
            "get_password_data": false,
            "hibernation": false,
            "host_id": null,
            "iam_instance_profile": "",
            "id": "i-0172a0d8566196475",
            "instance_initiated_shutdown_behavior": "stop",
            "instance_state": "running",
            "instance_type": "t2.large",
            "ipv6_address_count": 0,
            "ipv6_addresses": [],
            "key_name": "rak-tp1",
            "launch_template": [],
            "metadata_options": [
              {
                "http_endpoint": "enabled",
                "http_put_response_hop_limit": 1,
                "http_tokens": "optional"
              }
            ],
            "monitoring": false,
            "network_interface": [],
            "outpost_arn": "",
            "password_data": "",
            "placement_group": "",
            "placement_partition_number": null,
            "primary_network_interface_id": "eni-03bf84910f9228fe6",
            "private_dns": "ip-172-20-20-104.ec2.internal",
            "private_ip": "172.20.20.104",
            "public_dns": "",
            "public_ip": "3.95.182.89",
            "root_block_device": [
              {
                "delete_on_termination": true,
                "device_name": "/dev/xvda",
                "encrypted": false,
                "iops": 100,
                "kms_key_id": "",
                "tags": {},
                "throughput": 0,
                "volume_id": "vol-0273d8333681b7433",
                "volume_size": 8,
                "volume_type": "gp2"
              }
            ],
            "secondary_private_ips": [],
            "security_groups": [],
            "source_dest_check": true,
            "subnet_id": "subnet-05d9c483fc79adf5e",
            "tags": {
              "Name": "elasticsearch_1"
            },
            "tags_all": {
              "Name": "elasticsearch_1"
            },
            "tenancy": "default",
            "timeouts": null,
            "user_data": null,
            "user_data_base64": null,
            "volume_tags": null,
            "vpc_security_group_ids": [
              "sg-03eeaaafa1278fd36"
            ]
          },
          "sensitive_attributes": [],
          "private": "eyJlMmJmYjczMC1lY2FhLTExZTYtOGY4OC0zNDM2M2JjN2M0YzAiOnsiY3JlYXRlIjo2MDAwMDAwMDAwMDAsImRlbGV0ZSI6MTIwMDAwMDAwMDAwMCwidXBkYXRlIjo2MDAwMDAwMDAwMDB9LCJzY2hlbWFfdmVyc2lvbiI6IjEifQ==",
          "dependencies": [
            "aws_security_group.elasticsearch_sg",
            "aws_subnet.elastic_subnet",
            "aws_vpc.elastic_vpc"
          ]
        },
        {
          "index_key": 2,
          "schema_version": 1,
          "attributes": {
            "ami": "ami-04d29b6f966df1537",
            "arn": "arn:aws:ec2:us-east-1:613679500838:instance/i-02c24432a21ef5b73",
            "associate_public_ip_address": true,
            "availability_zone": "us-east-1c",
            "capacity_reservation_specification": [
              {
                "capacity_reservation_preference": "open",
                "capacity_reservation_target": []
              }
            ],
            "cpu_core_count": 2,
            "cpu_threads_per_core": 1,
            "credit_specification": [
              {
                "cpu_credits": "standard"
              }
            ],
            "disable_api_termination": false,
            "ebs_block_device": [],
            "ebs_optimized": false,
            "enclave_options": [
              {
                "enabled": false
              }
            ],
            "ephemeral_block_device": [],
            "get_password_data": false,
            "hibernation": false,
            "host_id": null,
            "iam_instance_profile": "",
            "id": "i-02c24432a21ef5b73",
            "instance_initiated_shutdown_behavior": "stop",
            "instance_state": "running",
            "instance_type": "t2.large",
            "ipv6_address_count": 0,
            "ipv6_addresses": [],
            "key_name": "rak-tp1",
            "launch_template": [],
            "metadata_options": [
              {
                "http_endpoint": "enabled",
                "http_put_response_hop_limit": 1,
                "http_tokens": "optional"
              }
            ],
            "monitoring": false,
            "network_interface": [],
            "outpost_arn": "",
            "password_data": "",
            "placement_group": "",
            "placement_partition_number": null,
            "primary_network_interface_id": "eni-03ab490488ea26fd8",
            "private_dns": "ip-172-20-30-101.ec2.internal",
            "private_ip": "172.20.30.101",
            "public_dns": "",
            "public_ip": "3.89.241.36",
            "root_block_device": [
              {
                "delete_on_termination": true,
                "device_name": "/dev/xvda",
                "encrypted": false,
                "iops": 100,
                "kms_key_id": "",
                "tags": {},
                "throughput": 0,
                "volume_id": "vol-00103ace90f7ad50b",
                "volume_size": 8,
                "volume_type": "gp2"
              }
            ],
            "secondary_private_ips": [],
            "security_groups": [],
            "source_dest_check": true,
            "subnet_id": "subnet-0643ec3d70844ac0d",
            "tags": {
              "Name": "elasticsearch_2"
            },
            "tags_all": {
              "Name": "elasticsearch_2"
            },
            "tenancy": "default",
            "timeouts": null,
            "user_data": null,
            "user_data_base64": null,
            "volume_tags": null,
            "vpc_security_group_ids": [
              "sg-03eeaaafa1278fd36"
            ]
          },
          "sensitive_attributes": [],
          "private": "eyJlMmJmYjczMC1lY2FhLTExZTYtOGY4OC0zNDM2M2JjN2M0YzAiOnsiY3JlYXRlIjo2MDAwMDAwMDAwMDAsImRlbGV0ZSI6MTIwMDAwMDAwMDAwMCwidXBkYXRlIjo2MDAwMDAwMDAwMDB9LCJzY2hlbWFfdmVyc2lvbiI6IjEifQ==",
          "dependencies": [
            "aws_security_group.elasticsearch_sg",
            "aws_subnet.elastic_subnet",
            "aws_vpc.elastic_vpc"
          ]
        }
      ]
    },
    {
      "mode": "managed",
      "type": "aws_instance",
      "name": "filebeat",
      "provider": "provider[\"registry.terraform.io/hashicorp/aws\"]",
      "instances": [
        {
          "schema_version": 1,
          "attributes": {
            "ami": "ami-04d29b6f966df1537",
            "arn": "arn:aws:ec2:us-east-1:613679500838:instance/i-0629d724a74bfb154",
            "associate_public_ip_address": true,
            "availability_zone": "us-east-1a",
            "capacity_reservation_specification": [
              {
                "capacity_reservation_preference": "open",
                "capacity_reservation_target": []
              }
            ],
            "cpu_core_count": 2,
            "cpu_threads_per_core": 1,
            "credit_specification": [
              {
                "cpu_credits": "standard"
              }
            ],
            "disable_api_termination": false,
            "ebs_block_device": [],
            "ebs_optimized": false,
            "enclave_options": [
              {
                "enabled": false
              }
            ],
            "ephemeral_block_device": [],
            "get_password_data": false,
            "hibernation": false,
            "host_id": null,
            "iam_instance_profile": "",
            "id": "i-0629d724a74bfb154",
            "instance_initiated_shutdown_behavior": "stop",
            "instance_state": "running",
            "instance_type": "t2.large",
            "ipv6_address_count": 0,
            "ipv6_addresses": [],
            "key_name": "rak-tp1",
            "launch_template": [],
            "metadata_options": [
              {
                "http_endpoint": "enabled",
                "http_put_response_hop_limit": 1,
                "http_tokens": "optional"
              }
            ],
            "monitoring": false,
            "network_interface": [],
            "outpost_arn": "",
            "password_data": "",
            "placement_group": "",
            "placement_partition_number": null,
            "primary_network_interface_id": "eni-0073218900cbba7da",
            "private_dns": "ip-172-20-10-231.ec2.internal",
            "private_ip": "172.20.10.231",
            "public_dns": "",
            "public_ip": "44.198.184.62",
            "root_block_device": [
              {
                "delete_on_termination": true,
                "device_name": "/dev/xvda",
                "encrypted": false,
                "iops": 100,
                "kms_key_id": "",
                "tags": {},
                "throughput": 0,
                "volume_id": "vol-02e4cd82df5bd6030",
                "volume_size": 8,
                "volume_type": "gp2"
              }
            ],
            "secondary_private_ips": [],
            "security_groups": [],
            "source_dest_check": true,
            "subnet_id": "subnet-0ab860cbebb5bbf95",
            "tags": {
              "Name": "filebeat"
            },
            "tags_all": {
              "Name": "filebeat"
            },
            "tenancy": "default",
            "timeouts": null,
            "user_data": null,
            "user_data_base64": null,
            "volume_tags": null,
            "vpc_security_group_ids": [
              "sg-04395281f45b22d6a"
            ]
          },
          "sensitive_attributes": [],
          "private": "eyJlMmJmYjczMC1lY2FhLTExZTYtOGY4OC0zNDM2M2JjN2M0YzAiOnsiY3JlYXRlIjo2MDAwMDAwMDAwMDAsImRlbGV0ZSI6MTIwMDAwMDAwMDAwMCwidXBkYXRlIjo2MDAwMDAwMDAwMDB9LCJzY2hlbWFfdmVyc2lvbiI6IjEifQ==",
          "dependencies": [
            "aws_instance.elastic_nodes",
            "aws_instance.kibana",
            "aws_instance.logstash",
            "aws_security_group.elasticsearch_sg",
            "aws_security_group.filebeat_sg",
            "aws_security_group.kibana_sg",
            "aws_security_group.logstash_sg",
            "aws_subnet.elastic_subnet",
            "aws_vpc.elastic_vpc",
            "data.template_file.init_elasticsearch",
            "null_resource.install_kibana",
            "null_resource.install_logstash",
            "null_resource.move_elasticsearch_file",
            "null_resource.start_es"
          ]
        }
      ]
    },
    {
      "mode": "managed",
      "type": "aws_instance",
      "name": "kibana",
      "provider": "provider[\"registry.terraform.io/hashicorp/aws\"]",
      "instances": [
        {
          "schema_version": 1,
          "attributes": {
            "ami": "ami-04d29b6f966df1537",
            "arn": "arn:aws:ec2:us-east-1:613679500838:instance/i-0f3f94118d5e7d050",
            "associate_public_ip_address": true,
            "availability_zone": "us-east-1a",
            "capacity_reservation_specification": [
              {
                "capacity_reservation_preference": "open",
                "capacity_reservation_target": []
              }
            ],
            "cpu_core_count": 2,
            "cpu_threads_per_core": 1,
            "credit_specification": [
              {
                "cpu_credits": "standard"
              }
            ],
            "disable_api_termination": false,
            "ebs_block_device": [],
            "ebs_optimized": false,
            "enclave_options": [
              {
                "enabled": false
              }
            ],
            "ephemeral_block_device": [],
            "get_password_data": false,
            "hibernation": false,
            "host_id": null,
            "iam_instance_profile": "",
            "id": "i-0f3f94118d5e7d050",
            "instance_initiated_shutdown_behavior": "stop",
            "instance_state": "running",
            "instance_type": "t2.large",
            "ipv6_address_count": 0,
            "ipv6_addresses": [],
            "key_name": "rak-tp1",
            "launch_template": [],
            "metadata_options": [
              {
                "http_endpoint": "enabled",
                "http_put_response_hop_limit": 1,
                "http_tokens": "optional"
              }
            ],
            "monitoring": false,
            "network_interface": [],
            "outpost_arn": "",
            "password_data": "",
            "placement_group": "",
            "placement_partition_number": null,
            "primary_network_interface_id": "eni-07341adde25b70e4d",
            "private_dns": "ip-172-20-10-47.ec2.internal",
            "private_ip": "172.20.10.47",
            "public_dns": "",
            "public_ip": "3.239.193.132",
            "root_block_device": [
              {
                "delete_on_termination": true,
                "device_name": "/dev/xvda",
                "encrypted": false,
                "iops": 100,
                "kms_key_id": "",
                "tags": {},
                "throughput": 0,
                "volume_id": "vol-0eaeb3045500c308c",
                "volume_size": 8,
                "volume_type": "gp2"
              }
            ],
            "secondary_private_ips": [],
            "security_groups": [],
            "source_dest_check": true,
            "subnet_id": "subnet-0ab860cbebb5bbf95",
            "tags": {
              "Name": "kibana"
            },
            "tags_all": {
              "Name": "kibana"
            },
            "tenancy": "default",
            "timeouts": null,
            "user_data": null,
            "user_data_base64": null,
            "volume_tags": null,
            "vpc_security_group_ids": [
              "sg-0d9414e56b400cd8a"
            ]
          },
          "sensitive_attributes": [],
          "private": "eyJlMmJmYjczMC1lY2FhLTExZTYtOGY4OC0zNDM2M2JjN2M0YzAiOnsiY3JlYXRlIjo2MDAwMDAwMDAwMDAsImRlbGV0ZSI6MTIwMDAwMDAwMDAwMCwidXBkYXRlIjo2MDAwMDAwMDAwMDB9LCJzY2hlbWFfdmVyc2lvbiI6IjEifQ==",
          "dependencies": [
            "aws_instance.elastic_nodes",
            "aws_security_group.elasticsearch_sg",
            "aws_security_group.kibana_sg",
            "aws_subnet.elastic_subnet",
            "aws_vpc.elastic_vpc",
            "data.template_file.init_elasticsearch",
            "null_resource.move_elasticsearch_file",
            "null_resource.start_es"
          ]
        }
      ]
    },
    {
      "mode": "managed",
      "type": "aws_instance",
      "name": "logstash",
      "provider": "provider[\"registry.terraform.io/hashicorp/aws\"]",
      "instances": [
        {
          "schema_version": 1,
          "attributes": {
            "ami": "ami-04d29b6f966df1537",
            "arn": "arn:aws:ec2:us-east-1:613679500838:instance/i-041d04b1b16649e20",
            "associate_public_ip_address": true,
            "availability_zone": "us-east-1a",
            "capacity_reservation_specification": [
              {
                "capacity_reservation_preference": "open",
                "capacity_reservation_target": []
              }
            ],
            "cpu_core_count": 2,
            "cpu_threads_per_core": 1,
            "credit_specification": [
              {
                "cpu_credits": "standard"
              }
            ],
            "disable_api_termination": false,
            "ebs_block_device": [],
            "ebs_optimized": false,
            "enclave_options": [
              {
                "enabled": false
              }
            ],
            "ephemeral_block_device": [],
            "get_password_data": false,
            "hibernation": false,
            "host_id": null,
            "iam_instance_profile": "",
            "id": "i-041d04b1b16649e20",
            "instance_initiated_shutdown_behavior": "stop",
            "instance_state": "running",
            "instance_type": "t2.large",
            "ipv6_address_count": 0,
            "ipv6_addresses": [],
            "key_name": "rak-tp1",
            "launch_template": [],
            "metadata_options": [
              {
                "http_endpoint": "enabled",
                "http_put_response_hop_limit": 1,
                "http_tokens": "optional"
              }
            ],
            "monitoring": false,
            "network_interface": [],
            "outpost_arn": "",
            "password_data": "",
            "placement_group": "",
            "placement_partition_number": null,
            "primary_network_interface_id": "eni-07cf510e220479895",
            "private_dns": "ip-172-20-10-107.ec2.internal",
            "private_ip": "172.20.10.107",
            "public_dns": "",
            "public_ip": "3.91.172.175",
            "root_block_device": [
              {
                "delete_on_termination": true,
                "device_name": "/dev/xvda",
                "encrypted": false,
                "iops": 100,
                "kms_key_id": "",
                "tags": {},
                "throughput": 0,
                "volume_id": "vol-0db791b596cd90f96",
                "volume_size": 8,
                "volume_type": "gp2"
              }
            ],
            "secondary_private_ips": [],
            "security_groups": [],
            "source_dest_check": true,
            "subnet_id": "subnet-0ab860cbebb5bbf95",
            "tags": {
              "Name": "logstash"
            },
            "tags_all": {
              "Name": "logstash"
            },
            "tenancy": "default",
            "timeouts": null,
            "user_data": null,
            "user_data_base64": null,
            "volume_tags": null,
            "vpc_security_group_ids": [
              "sg-089d72520fc0013af"
            ]
          },
          "sensitive_attributes": [],
          "private": "eyJlMmJmYjczMC1lY2FhLTExZTYtOGY4OC0zNDM2M2JjN2M0YzAiOnsiY3JlYXRlIjo2MDAwMDAwMDAwMDAsImRlbGV0ZSI6MTIwMDAwMDAwMDAwMCwidXBkYXRlIjo2MDAwMDAwMDAwMDB9LCJzY2hlbWFfdmVyc2lvbiI6IjEifQ==",
          "dependencies": [
            "aws_instance.elastic_nodes",
            "aws_instance.kibana",
            "aws_security_group.elasticsearch_sg",
            "aws_security_group.kibana_sg",
            "aws_security_group.logstash_sg",
            "aws_subnet.elastic_subnet",
            "aws_vpc.elastic_vpc",
            "data.template_file.init_elasticsearch",
            "null_resource.install_kibana",
            "null_resource.move_elasticsearch_file",
            "null_resource.start_es"
          ]
        }
      ]
    },
    {
      "mode": "managed",
      "type": "aws_internet_gateway",
      "name": "elastic_internet_gateway",
      "provider": "provider[\"registry.terraform.io/hashicorp/aws\"]",
      "instances": [
        {
          "schema_version": 0,
          "attributes": {
            "arn": "arn:aws:ec2:us-east-1:613679500838:internet-gateway/igw-0f9bd3e32157f0341",
            "id": "igw-0f9bd3e32157f0341",
            "owner_id": "613679500838",
            "tags": {
              "Name": "elastic_igw"
            },
            "tags_all": {
              "Name": "elastic_igw"
            },
            "vpc_id": "vpc-03d17e41cbaf4b118"
          },
          "sensitive_attributes": [],
          "private": "bnVsbA==",
          "dependencies": [
            "aws_vpc.elastic_vpc"
          ]
        }
      ]
    },
    {
      "mode": "managed",
      "type": "aws_main_route_table_association",
      "name": "elastic_rt_main",
      "provider": "provider[\"registry.terraform.io/hashicorp/aws\"]",
      "instances": [
        {
          "schema_version": 0,
          "attributes": {
            "id": "rtbassoc-01cef2bcaf197c387",
            "original_route_table_id": "rtb-014ebee6152ec13f1",
            "route_table_id": "rtb-036cbd43f39511846",
            "vpc_id": "vpc-03d17e41cbaf4b118"
          },
          "sensitive_attributes": [],
          "private": "bnVsbA==",
          "dependencies": [
            "aws_internet_gateway.elastic_internet_gateway",
            "aws_route_table.elastic_rt",
            "aws_vpc.elastic_vpc"
          ]
        }
      ]
    },
    {
      "mode": "managed",
      "type": "aws_route_table",
      "name": "elastic_rt",
      "provider": "provider[\"registry.terraform.io/hashicorp/aws\"]",
      "instances": [
        {
          "schema_version": 0,
          "attributes": {
            "arn": "arn:aws:ec2:us-east-1:613679500838:route-table/rtb-036cbd43f39511846",
            "id": "rtb-036cbd43f39511846",
            "owner_id": "613679500838",
            "propagating_vgws": [],
            "route": [
              {
                "carrier_gateway_id": "",
                "cidr_block": "0.0.0.0/0",
                "destination_prefix_list_id": "",
                "egress_only_gateway_id": "",
                "gateway_id": "igw-0f9bd3e32157f0341",
                "instance_id": "",
                "ipv6_cidr_block": "",
                "local_gateway_id": "",
                "nat_gateway_id": "",
                "network_interface_id": "",
                "transit_gateway_id": "",
                "vpc_endpoint_id": "",
                "vpc_peering_connection_id": ""
              }
            ],
            "tags": {
              "Name": "elastic_rt"
            },
            "tags_all": {
              "Name": "elastic_rt"
            },
            "timeouts": null,
            "vpc_id": "vpc-03d17e41cbaf4b118"
          },
          "sensitive_attributes": [],
          "private": "eyJlMmJmYjczMC1lY2FhLTExZTYtOGY4OC0zNDM2M2JjN2M0YzAiOnsiY3JlYXRlIjoxMjAwMDAwMDAwMDAsImRlbGV0ZSI6MzAwMDAwMDAwMDAwLCJ1cGRhdGUiOjEyMDAwMDAwMDAwMH19",
          "dependencies": [
            "aws_internet_gateway.elastic_internet_gateway",
            "aws_vpc.elastic_vpc"
          ]
        }
      ]
    },
    {
      "mode": "managed",
      "type": "aws_security_group",
      "name": "elasticsearch_sg",
      "provider": "provider[\"registry.terraform.io/hashicorp/aws\"]",
      "instances": [
        {
          "schema_version": 1,
          "attributes": {
            "arn": "arn:aws:ec2:us-east-1:613679500838:security-group/sg-03eeaaafa1278fd36",
            "description": "Managed by Terraform",
            "egress": [
              {
                "cidr_blocks": [
                  "0.0.0.0/0"
                ],
                "description": "egress rules",
                "from_port": 0,
                "ipv6_cidr_blocks": [],
                "prefix_list_ids": [],
                "protocol": "-1",
                "security_groups": [],
                "self": false,
                "to_port": 0
              }
            ],
            "id": "sg-03eeaaafa1278fd36",
            "ingress": [
              {
                "cidr_blocks": [
                  "0.0.0.0/0"
                ],
                "description": "ingress rules",
                "from_port": 22,
                "ipv6_cidr_blocks": [],
                "prefix_list_ids": [],
                "protocol": "tcp",
                "security_groups": [],
                "self": false,
                "to_port": 22
              },
              {
                "cidr_blocks": [
                  "0.0.0.0/0"
                ],
                "description": "ingress rules",
                "from_port": 9200,
                "ipv6_cidr_blocks": [],
                "prefix_list_ids": [],
                "protocol": "tcp",
                "security_groups": [],
                "self": false,
                "to_port": 9300
              }
            ],
            "name": "terraform-20211120035020486300000001",
            "name_prefix": "terraform-",
            "owner_id": "613679500838",
            "revoke_rules_on_delete": false,
            "tags": {
              "Name": "elasticsearch_sg"
            },
            "tags_all": {
              "Name": "elasticsearch_sg"
            },
            "timeouts": null,
            "vpc_id": "vpc-03d17e41cbaf4b118"
          },
          "sensitive_attributes": [],
          "private": "eyJlMmJmYjczMC1lY2FhLTExZTYtOGY4OC0zNDM2M2JjN2M0YzAiOnsiY3JlYXRlIjo2MDAwMDAwMDAwMDAsImRlbGV0ZSI6OTAwMDAwMDAwMDAwfSwic2NoZW1hX3ZlcnNpb24iOiIxIn0=",
          "dependencies": [
            "aws_vpc.elastic_vpc"
          ]
        }
      ]
    },
    {
      "mode": "managed",
      "type": "aws_security_group",
      "name": "filebeat_sg",
      "provider": "provider[\"registry.terraform.io/hashicorp/aws\"]",
      "instances": [
        {
          "schema_version": 1,
          "attributes": {
            "arn": "arn:aws:ec2:us-east-1:613679500838:security-group/sg-04395281f45b22d6a",
            "description": "Managed by Terraform",
            "egress": [
              {
                "cidr_blocks": [
                  "0.0.0.0/0"
                ],
                "description": "egress rules",
                "from_port": 0,
                "ipv6_cidr_blocks": [],
                "prefix_list_ids": [],
                "protocol": "-1",
                "security_groups": [],
                "self": false,
                "to_port": 0
              }
            ],
            "id": "sg-04395281f45b22d6a",
            "ingress": [
              {
                "cidr_blocks": [
                  "0.0.0.0/0"
                ],
                "description": "ingress rules",
                "from_port": 22,
                "ipv6_cidr_blocks": [],
                "prefix_list_ids": [],
                "protocol": "tcp",
                "security_groups": [],
                "self": false,
                "to_port": 22
              }
            ],
            "name": "terraform-20211120035020492300000004",
            "name_prefix": "terraform-",
            "owner_id": "613679500838",
            "revoke_rules_on_delete": false,
            "tags": {
              "Name": "filebeat_sg"
            },
            "tags_all": {
              "Name": "filebeat_sg"
            },
            "timeouts": null,
            "vpc_id": "vpc-03d17e41cbaf4b118"
          },
          "sensitive_attributes": [],
          "private": "eyJlMmJmYjczMC1lY2FhLTExZTYtOGY4OC0zNDM2M2JjN2M0YzAiOnsiY3JlYXRlIjo2MDAwMDAwMDAwMDAsImRlbGV0ZSI6OTAwMDAwMDAwMDAwfSwic2NoZW1hX3ZlcnNpb24iOiIxIn0=",
          "dependencies": [
            "aws_vpc.elastic_vpc"
          ]
        }
      ]
    },
    {
      "mode": "managed",
      "type": "aws_security_group",
      "name": "kibana_sg",
      "provider": "provider[\"registry.terraform.io/hashicorp/aws\"]",
      "instances": [
        {
          "schema_version": 1,
          "attributes": {
            "arn": "arn:aws:ec2:us-east-1:613679500838:security-group/sg-0d9414e56b400cd8a",
            "description": "Managed by Terraform",
            "egress": [
              {
                "cidr_blocks": [
                  "0.0.0.0/0"
                ],
                "description": "egress rules",
                "from_port": 0,
                "ipv6_cidr_blocks": [],
                "prefix_list_ids": [],
                "protocol": "-1",
                "security_groups": [],
                "self": false,
                "to_port": 0
              }
            ],
            "id": "sg-0d9414e56b400cd8a",
            "ingress": [
              {
                "cidr_blocks": [
                  "0.0.0.0/0"
                ],
                "description": "ingress rules",
                "from_port": 22,
                "ipv6_cidr_blocks": [],
                "prefix_list_ids": [],
                "protocol": "tcp",
                "security_groups": [],
                "self": false,
                "to_port": 22
              },
              {
                "cidr_blocks": [
                  "0.0.0.0/0"
                ],
                "description": "ingress rules",
                "from_port": 5601,
                "ipv6_cidr_blocks": [],
                "prefix_list_ids": [],
                "protocol": "tcp",
                "security_groups": [],
                "self": false,
                "to_port": 5601
              }
            ],
            "name": "terraform-20211120035020492300000003",
            "name_prefix": "terraform-",
            "owner_id": "613679500838",
            "revoke_rules_on_delete": false,
            "tags": {
              "Name": "kibana_sg"
            },
            "tags_all": {
              "Name": "kibana_sg"
            },
            "timeouts": null,
            "vpc_id": "vpc-03d17e41cbaf4b118"
          },
          "sensitive_attributes": [],
          "private": "eyJlMmJmYjczMC1lY2FhLTExZTYtOGY4OC0zNDM2M2JjN2M0YzAiOnsiY3JlYXRlIjo2MDAwMDAwMDAwMDAsImRlbGV0ZSI6OTAwMDAwMDAwMDAwfSwic2NoZW1hX3ZlcnNpb24iOiIxIn0=",
          "dependencies": [
            "aws_vpc.elastic_vpc"
          ]
        }
      ]
    },
    {
      "mode": "managed",
      "type": "aws_security_group",
      "name": "logstash_sg",
      "provider": "provider[\"registry.terraform.io/hashicorp/aws\"]",
      "instances": [
        {
          "schema_version": 1,
          "attributes": {
            "arn": "arn:aws:ec2:us-east-1:613679500838:security-group/sg-089d72520fc0013af",
            "description": "Managed by Terraform",
            "egress": [
              {
                "cidr_blocks": [
                  "0.0.0.0/0"
                ],
                "description": "egress rules",
                "from_port": 0,
                "ipv6_cidr_blocks": [],
                "prefix_list_ids": [],
                "protocol": "-1",
                "security_groups": [],
                "self": false,
                "to_port": 0
              }
            ],
            "id": "sg-089d72520fc0013af",
            "ingress": [
              {
                "cidr_blocks": [
                  "0.0.0.0/0"
                ],
                "description": "ingress rules",
                "from_port": 22,
                "ipv6_cidr_blocks": [],
                "prefix_list_ids": [],
                "protocol": "tcp",
                "security_groups": [],
                "self": false,
                "to_port": 22
              },
              {
                "cidr_blocks": [
                  "0.0.0.0/0"
                ],
                "description": "ingress rules",
                "from_port": 5044,
                "ipv6_cidr_blocks": [],
                "prefix_list_ids": [],
                "protocol": "tcp",
                "security_groups": [],
                "self": false,
                "to_port": 5044
              }
            ],
            "name": "terraform-20211120035020487300000002",
            "name_prefix": "terraform-",
            "owner_id": "613679500838",
            "revoke_rules_on_delete": false,
            "tags": {
              "Name": "logstash_sg"
            },
            "tags_all": {
              "Name": "logstash_sg"
            },
            "timeouts": null,
            "vpc_id": "vpc-03d17e41cbaf4b118"
          },
          "sensitive_attributes": [],
          "private": "eyJlMmJmYjczMC1lY2FhLTExZTYtOGY4OC0zNDM2M2JjN2M0YzAiOnsiY3JlYXRlIjo2MDAwMDAwMDAwMDAsImRlbGV0ZSI6OTAwMDAwMDAwMDAwfSwic2NoZW1hX3ZlcnNpb24iOiIxIn0=",
          "dependencies": [
            "aws_vpc.elastic_vpc"
          ]
        }
      ]
    },
    {
      "mode": "managed",
      "type": "aws_subnet",
      "name": "elastic_subnet",
      "provider": "provider[\"registry.terraform.io/hashicorp/aws\"]",
      "instances": [
        {
          "index_key": "us-east-1a",
          "schema_version": 1,
          "attributes": {
            "arn": "arn:aws:ec2:us-east-1:613679500838:subnet/subnet-0ab860cbebb5bbf95",
            "assign_ipv6_address_on_creation": false,
            "availability_zone": "us-east-1a",
            "availability_zone_id": "use1-az1",
            "cidr_block": "172.20.10.0/24",
            "customer_owned_ipv4_pool": "",
            "id": "subnet-0ab860cbebb5bbf95",
            "ipv6_cidr_block": "",
            "ipv6_cidr_block_association_id": "",
            "map_customer_owned_ip_on_launch": false,
            "map_public_ip_on_launch": false,
            "outpost_arn": "",
            "owner_id": "613679500838",
            "tags": {
              "Name": "elastic_subnet_us-east-1a"
            },
            "tags_all": {
              "Name": "elastic_subnet_us-east-1a"
            },
            "timeouts": null,
            "vpc_id": "vpc-03d17e41cbaf4b118"
          },
          "sensitive_attributes": [],
          "private": "eyJlMmJmYjczMC1lY2FhLTExZTYtOGY4OC0zNDM2M2JjN2M0YzAiOnsiY3JlYXRlIjo2MDAwMDAwMDAwMDAsImRlbGV0ZSI6MTIwMDAwMDAwMDAwMH0sInNjaGVtYV92ZXJzaW9uIjoiMSJ9",
          "dependencies": [
            "aws_vpc.elastic_vpc"
          ]
        },
        {
          "index_key": "us-east-1b",
          "schema_version": 1,
          "attributes": {
            "arn": "arn:aws:ec2:us-east-1:613679500838:subnet/subnet-05d9c483fc79adf5e",
            "assign_ipv6_address_on_creation": false,
            "availability_zone": "us-east-1b",
            "availability_zone_id": "use1-az2",
            "cidr_block": "172.20.20.0/24",
            "customer_owned_ipv4_pool": "",
            "id": "subnet-05d9c483fc79adf5e",
            "ipv6_cidr_block": "",
            "ipv6_cidr_block_association_id": "",
            "map_customer_owned_ip_on_launch": false,
            "map_public_ip_on_launch": false,
            "outpost_arn": "",
            "owner_id": "613679500838",
            "tags": {
              "Name": "elastic_subnet_us-east-1b"
            },
            "tags_all": {
              "Name": "elastic_subnet_us-east-1b"
            },
            "timeouts": null,
            "vpc_id": "vpc-03d17e41cbaf4b118"
          },
          "sensitive_attributes": [],
          "private": "eyJlMmJmYjczMC1lY2FhLTExZTYtOGY4OC0zNDM2M2JjN2M0YzAiOnsiY3JlYXRlIjo2MDAwMDAwMDAwMDAsImRlbGV0ZSI6MTIwMDAwMDAwMDAwMH0sInNjaGVtYV92ZXJzaW9uIjoiMSJ9",
          "dependencies": [
            "aws_vpc.elastic_vpc"
          ]
        },
        {
          "index_key": "us-east-1c",
          "schema_version": 1,
          "attributes": {
            "arn": "arn:aws:ec2:us-east-1:613679500838:subnet/subnet-0643ec3d70844ac0d",
            "assign_ipv6_address_on_creation": false,
            "availability_zone": "us-east-1c",
            "availability_zone_id": "use1-az4",
            "cidr_block": "172.20.30.0/24",
            "customer_owned_ipv4_pool": "",
            "id": "subnet-0643ec3d70844ac0d",
            "ipv6_cidr_block": "",
            "ipv6_cidr_block_association_id": "",
            "map_customer_owned_ip_on_launch": false,
            "map_public_ip_on_launch": false,
            "outpost_arn": "",
            "owner_id": "613679500838",
            "tags": {
              "Name": "elastic_subnet_us-east-1c"
            },
            "tags_all": {
              "Name": "elastic_subnet_us-east-1c"
            },
            "timeouts": null,
            "vpc_id": "vpc-03d17e41cbaf4b118"
          },
          "sensitive_attributes": [],
          "private": "eyJlMmJmYjczMC1lY2FhLTExZTYtOGY4OC0zNDM2M2JjN2M0YzAiOnsiY3JlYXRlIjo2MDAwMDAwMDAwMDAsImRlbGV0ZSI6MTIwMDAwMDAwMDAwMH0sInNjaGVtYV92ZXJzaW9uIjoiMSJ9",
          "dependencies": [
            "aws_vpc.elastic_vpc"
          ]
        }
      ]
    },
    {
      "mode": "managed",
      "type": "aws_vpc",
      "name": "elastic_vpc",
      "provider": "provider[\"registry.terraform.io/hashicorp/aws\"]",
      "instances": [
        {
          "schema_version": 1,
          "attributes": {
            "arn": "arn:aws:ec2:us-east-1:613679500838:vpc/vpc-03d17e41cbaf4b118",
            "assign_generated_ipv6_cidr_block": false,
            "cidr_block": "172.20.0.0/16",
            "default_network_acl_id": "acl-04d198ba4e2c0d587",
            "default_route_table_id": "rtb-014ebee6152ec13f1",
            "default_security_group_id": "sg-00a2d6e7bb721adff",
            "dhcp_options_id": "dopt-0a5d3ded8df95a9ae",
            "enable_classiclink": false,
            "enable_classiclink_dns_support": false,
            "enable_dns_hostnames": false,
            "enable_dns_support": true,
            "id": "vpc-03d17e41cbaf4b118",
            "instance_tenancy": "default",
            "ipv6_association_id": "",
            "ipv6_cidr_block": "",
            "main_route_table_id": "rtb-014ebee6152ec13f1",
            "owner_id": "613679500838",
            "tags": {
              "Name": "elastic_vpc"
            },
            "tags_all": {
              "Name": "elastic_vpc"
            }
          },
          "sensitive_attributes": [],
          "private": "eyJzY2hlbWFfdmVyc2lvbiI6IjEifQ=="
        }
      ]
    },
    {
      "mode": "managed",
      "type": "null_resource",
      "name": "install_filebeat",
      "provider": "provider[\"registry.terraform.io/hashicorp/null\"]",
      "instances": [
        {
          "schema_version": 0,
          "attributes": {
            "id": "3324988931508470431",
            "triggers": null
          },
          "sensitive_attributes": [],
          "private": "bnVsbA==",
          "dependencies": [
            "aws_instance.elastic_nodes",
            "aws_instance.filebeat",
            "aws_instance.kibana",
            "aws_instance.logstash",
            "aws_security_group.elasticsearch_sg",
            "aws_security_group.filebeat_sg",
            "aws_security_group.kibana_sg",
            "aws_security_group.logstash_sg",
            "aws_subnet.elastic_subnet",
            "aws_vpc.elastic_vpc",
            "data.template_file.init_elasticsearch",
            "null_resource.install_kibana",
            "null_resource.install_logstash",
            "null_resource.move_elasticsearch_file",
            "null_resource.move_filebeat_file",
            "null_resource.start_es"
          ]
        }
      ]
    },
    {
      "mode": "managed",
      "type": "null_resource",
      "name": "install_kibana",
      "provider": "provider[\"registry.terraform.io/hashicorp/null\"]",
      "instances": [
        {
          "schema_version": 0,
          "attributes": {
            "id": "5502422236198538400",
            "triggers": null
          },
          "sensitive_attributes": [],
          "private": "bnVsbA==",
          "dependencies": [
            "aws_instance.elastic_nodes",
            "aws_instance.kibana",
            "aws_security_group.elasticsearch_sg",
            "aws_security_group.kibana_sg",
            "aws_subnet.elastic_subnet",
            "aws_vpc.elastic_vpc",
            "data.template_file.init_elasticsearch",
            "null_resource.move_elasticsearch_file",
            "null_resource.start_es"
          ]
        }
      ]
    },
    {
      "mode": "managed",
      "type": "null_resource",
      "name": "install_logstash",
      "provider": "provider[\"registry.terraform.io/hashicorp/null\"]",
      "instances": [
        {
          "schema_version": 0,
          "attributes": {
            "id": "4036324155530440400",
            "triggers": null
          },
          "sensitive_attributes": [],
          "private": "bnVsbA==",
          "dependencies": [
            "aws_instance.elastic_nodes",
            "aws_instance.kibana",
            "aws_instance.logstash",
            "aws_security_group.elasticsearch_sg",
            "aws_security_group.kibana_sg",
            "aws_security_group.logstash_sg",
            "aws_subnet.elastic_subnet",
            "aws_vpc.elastic_vpc",
            "data.template_file.init_elasticsearch",
            "null_resource.install_kibana",
            "null_resource.move_elasticsearch_file",
            "null_resource.start_es"
          ]
        }
      ]
    },
    {
      "mode": "managed",
      "type": "null_resource",
      "name": "move_elasticsearch_file",
      "provider": "provider[\"registry.terraform.io/hashicorp/null\"]",
      "instances": [
        {
          "index_key": 0,
          "schema_version": 0,
          "attributes": {
            "id": "6478461559708635874",
            "triggers": null
          },
          "sensitive_attributes": [],
          "private": "bnVsbA==",
          "dependencies": [
            "aws_instance.elastic_nodes",
            "aws_security_group.elasticsearch_sg",
            "aws_subnet.elastic_subnet",
            "aws_vpc.elastic_vpc",
            "data.template_file.init_elasticsearch"
          ]
        },
        {
          "index_key": 1,
          "schema_version": 0,
          "attributes": {
            "id": "5183004073025771690",
            "triggers": null
          },
          "sensitive_attributes": [],
          "private": "bnVsbA==",
          "dependencies": [
            "aws_instance.elastic_nodes",
            "aws_security_group.elasticsearch_sg",
            "aws_subnet.elastic_subnet",
            "aws_vpc.elastic_vpc",
            "data.template_file.init_elasticsearch"
          ]
        },
        {
          "index_key": 2,
          "schema_version": 0,
          "attributes": {
            "id": "8453007174947713599",
            "triggers": null
          },
          "sensitive_attributes": [],
          "private": "bnVsbA==",
          "dependencies": [
            "aws_instance.elastic_nodes",
            "aws_security_group.elasticsearch_sg",
            "aws_subnet.elastic_subnet",
            "aws_vpc.elastic_vpc",
            "data.template_file.init_elasticsearch"
          ]
        }
      ]
    },
    {
      "mode": "managed",
      "type": "null_resource",
      "name": "move_filebeat_file",
      "provider": "provider[\"registry.terraform.io/hashicorp/null\"]",
      "instances": [
        {
          "schema_version": 0,
          "attributes": {
            "id": "8150332950516713195",
            "triggers": null
          },
          "sensitive_attributes": [],
          "private": "bnVsbA==",
          "dependencies": [
            "aws_instance.elastic_nodes",
            "aws_instance.filebeat",
            "aws_instance.kibana",
            "aws_instance.logstash",
            "aws_security_group.elasticsearch_sg",
            "aws_security_group.filebeat_sg",
            "aws_security_group.kibana_sg",
            "aws_security_group.logstash_sg",
            "aws_subnet.elastic_subnet",
            "aws_vpc.elastic_vpc",
            "data.template_file.init_elasticsearch",
            "null_resource.install_kibana",
            "null_resource.install_logstash",
            "null_resource.move_elasticsearch_file",
            "null_resource.start_es"
          ]
        }
      ]
    },
    {
      "mode": "managed",
      "type": "null_resource",
      "name": "move_kibana_file",
      "provider": "provider[\"registry.terraform.io/hashicorp/null\"]",
      "instances": [
        {
          "schema_version": 0,
          "attributes": {
            "id": "2819809882613844541",
            "triggers": null
          },
          "sensitive_attributes": [],
          "private": "bnVsbA==",
          "dependencies": [
            "aws_instance.elastic_nodes",
            "aws_instance.kibana",
            "aws_security_group.elasticsearch_sg",
            "aws_security_group.kibana_sg",
            "aws_subnet.elastic_subnet",
            "aws_vpc.elastic_vpc",
            "data.template_file.init_elasticsearch",
            "data.template_file.init_kibana",
            "null_resource.move_elasticsearch_file",
            "null_resource.start_es"
          ]
        }
      ]
    },
    {
      "mode": "managed",
      "type": "null_resource",
      "name": "move_logstash_file",
      "provider": "provider[\"registry.terraform.io/hashicorp/null\"]",
      "instances": [
        {
          "schema_version": 0,
          "attributes": {
            "id": "1051935262860563402",
            "triggers": null
          },
          "sensitive_attributes": [],
          "private": "bnVsbA==",
          "dependencies": [
            "aws_instance.elastic_nodes",
            "aws_instance.kibana",
            "aws_instance.logstash",
            "aws_security_group.elasticsearch_sg",
            "aws_security_group.kibana_sg",
            "aws_security_group.logstash_sg",
            "aws_subnet.elastic_subnet",
            "aws_vpc.elastic_vpc",
            "data.template_file.init_elasticsearch",
            "data.template_file.init_logstash",
            "null_resource.install_kibana",
            "null_resource.move_elasticsearch_file",
            "null_resource.start_es"
          ]
        }
      ]
    },
    {
      "mode": "managed",
      "type": "null_resource",
      "name": "start_es",
      "provider": "provider[\"registry.terraform.io/hashicorp/null\"]",
      "instances": [
        {
          "index_key": 0,
          "schema_version": 0,
          "attributes": {
            "id": "3502683240202601839",
            "triggers": null
          },
          "sensitive_attributes": [],
          "private": "bnVsbA==",
          "dependencies": [
            "aws_instance.elastic_nodes",
            "aws_security_group.elasticsearch_sg",
            "aws_subnet.elastic_subnet",
            "aws_vpc.elastic_vpc",
            "data.template_file.init_elasticsearch",
            "null_resource.move_elasticsearch_file"
          ]
        },
        {
          "index_key": 1,
          "schema_version": 0,
          "attributes": {
            "id": "331662822433259867",
            "triggers": null
          },
          "sensitive_attributes": [],
          "private": "bnVsbA==",
          "dependencies": [
            "aws_instance.elastic_nodes",
            "aws_security_group.elasticsearch_sg",
            "aws_subnet.elastic_subnet",
            "aws_vpc.elastic_vpc",
            "data.template_file.init_elasticsearch",
            "null_resource.move_elasticsearch_file"
          ]
        },
        {
          "index_key": 2,
          "schema_version": 0,
          "attributes": {
            "id": "4224585190075155374",
            "triggers": null
          },
          "sensitive_attributes": [],
          "private": "bnVsbA==",
          "dependencies": [
            "aws_instance.elastic_nodes",
            "aws_security_group.elasticsearch_sg",
            "aws_subnet.elastic_subnet",
            "aws_vpc.elastic_vpc",
            "data.template_file.init_elasticsearch",
            "null_resource.move_elasticsearch_file"
          ]
        }
      ]
    }
  ]
}
